
Microsoft Visual Studio Solution File, Format Version 12.00
# Visual Studio 2013
VisualStudioVersion = 12.0.21005.1
MinimumVisualStudioVersion = 10.0.40219.1
Project("{FAE04EC0-301F-11D3-BF4B-00C04F79EFBC}") = "WinFormEx", "WinFormEx\WinFormEx.csproj", "{CD9CC1BD-CF74-4DE3-88BF-5E7095D909EE}"
EndProject
Project("{FAE04EC0-301F-11D3-BF4B-00C04F79EFBC}") = "Demo", "Demo\Demo.csproj", "{8AC8DC0F-21DF-4587-A595-744434456F99}"
EndProject
Global
	GlobalSection(SolutionConfigurationPlatforms) = preSolution
		Debug|Any CPU = Debug|Any CPU
		Release|Any CPU = Release|Any CPU
	EndGlobalSection
	GlobalSection(ProjectConfigurationPlatforms) = postSolution
		{CD9CC1BD-CF74-4DE3-88BF-5E7095D909EE}.Debug|Any CPU.ActiveCfg = Debug|Any CPU
		{CD9CC1BD-CF74-4DE3-88BF-5E7095D909EE}.Debug|Any CPU.Build.0 = Debug|Any CPU
		{CD9CC1BD-CF74-4DE3-88BF-5E7095D909EE}.Release|Any CPU.ActiveCfg = Release|Any CPU
		{CD9CC1BD-CF74-4DE3-88BF-5E7095D909EE}.Release|Any CPU.Build.0 = Release|Any CPU
		{8AC8DC0F-21DF-4587-A595-744434456F99}.Debug|Any CPU.ActiveCfg = Debug|Any CPU
		{8AC8DC0F-21DF-4587-A595-744434456F99}.Debug|Any CPU.Build.0 = Debug|Any CPU
		{8AC8DC0F-21DF-4587-A595-744434456F99}.Release|Any CPU.ActiveCfg = Release|Any CPU
		{8AC8DC0F-21DF-4587-A595-744434456F99}.Release|Any CPU.Build.0 = Release|Any CPU
	EndGlobalSection
	GlobalSection(SolutionProperties) = preSolution
		HideSolutionNode = FALSE
	EndGlobalSection
EndGlobal
